PODS:
  - AppAuth (0.7.1)
  - GoogleAPIClientForREST/Core (1.2.1):
    - GTMSessionFetcher (>= 1.1.7)
  - GoogleAPIClientForREST/YouTube (1.2.1):
    - GoogleAPIClientForREST/Core
    - GTMSessionFetcher (>= 1.1.7)
  - GTMAppAuth (0.5.0):
    - AppAuth (~> 0.7.0)
    - GTMSessionFetcher (~> 1.1)
  - GTMSessionFetcher (1.1.8):
    - GTMSessionFetcher/Full (= 1.1.8)
  - GTMSessionFetcher/Core (1.1.8)
  - GTMSessionFetcher/Full (1.1.8):
    - GTMSessionFetcher/Core (= 1.1.8)

DEPENDENCIES:
  - GoogleAPIClientForREST/YouTube
  - GTMAppAuth

SPEC CHECKSUMS:
  AppAuth: c56d352b0d50bb34dbb302d7ba50b20aa6b6ae89
  GoogleAPIClientForREST: a8b95a252014ce2e618df6b75dc72eca2c00b4af
  GTMAppAuth: 4b7bdc1fefdf6a49f3d9fc1aa6123f0c7e9b6660
  GTMSessionFetcher: 6f8d8b28b7e345549ac471071608170b31cb4977

PODFILE CHECKSUM: 309c75cd7a63993547a56d1bdb40c8425862e342

COCOAPODS: 1.2.1.beta.1
