PODS:
  - AppAuth (0.7.1)
  - GoogleAPIClient/Core (1.0.5):
    - GTMSessionFetcher (~> 1.1)
  - GoogleAPIClient/YouTube (1.0.5):
    - GoogleAPIClient/Core
    - GTMSessionFetcher (~> 1.1)
  - GTMAppAuth (0.5.0):
    - AppAuth (~> 0.7.0)
    - GTMSessionFetcher (~> 1.1)
  - GTMSessionFetcher (1.1.8):
    - GTMSessionFetcher/Full (= 1.1.8)
  - GTMSessionFetcher/Core (1.1.8)
  - GTMSessionFetcher/Full (1.1.8):
    - GTMSessionFetcher/Core (= 1.1.8)

DEPENDENCIES:
  - GoogleAPIClient/YouTube
  - GTMAppAuth

SPEC CHECKSUMS:
  AppAuth: c56d352b0d50bb34dbb302d7ba50b20aa6b6ae89
  GoogleAPIClient: 4a6b0b807de8b1115a2835180b25dd93dc60f1ea
  GTMAppAuth: 4b7bdc1fefdf6a49f3d9fc1aa6123f0c7e9b6660
  GTMSessionFetcher: 6f8d8b28b7e345549ac471071608170b31cb4977

PODFILE CHECKSUM: 8a436c3f89e988e01e69683f70e7a9fcc88c5d60

COCOAPODS: 1.2.0
